
Microsoft Visual Studio Solution File, Format Version 12.00
# Visual Studio Version 17
VisualStudioVersion = 17.0.31717.71
MinimumVisualStudioVersion = 10.0.40219.1
Project("{FAE04EC0-301F-11D3-BF4B-00C04F79EFBC}") = "ChessBoard", "ChessBoard\ChessBoard.csproj", "{1E16E607-FB5F-4F8D-B837-FB1C5DC9C270}"
EndProject
Project("{FAE04EC0-301F-11D3-BF4B-00C04F79EFBC}") = "ChessBoard.Tests", "ChessBoard.Tests\ChessBoard.Tests.csproj", "{1C75D6C1-1644-4620-A8FF-A23397C5E03D}"
EndProject
Global
	GlobalSection(SolutionConfigurationPlatforms) = preSolution
		Debug|Any CPU = Debug|Any CPU
		Release|Any CPU = Release|Any CPU
	EndGlobalSection
	GlobalSection(ProjectConfigurationPlatforms) = postSolution
		{1E16E607-FB5F-4F8D-B837-FB1C5DC9C270}.Debug|Any CPU.ActiveCfg = Debug|Any CPU
		{1E16E607-FB5F-4F8D-B837-FB1C5DC9C270}.Debug|Any CPU.Build.0 = Debug|Any CPU
		{1E16E607-FB5F-4F8D-B837-FB1C5DC9C270}.Release|Any CPU.ActiveCfg = Release|Any CPU
		{1E16E607-FB5F-4F8D-B837-FB1C5DC9C270}.Release|Any CPU.Build.0 = Release|Any CPU
		{1C75D6C1-1644-4620-A8FF-A23397C5E03D}.Debug|Any CPU.ActiveCfg = Debug|Any CPU
		{1C75D6C1-1644-4620-A8FF-A23397C5E03D}.Debug|Any CPU.Build.0 = Debug|Any CPU
		{1C75D6C1-1644-4620-A8FF-A23397C5E03D}.Release|Any CPU.ActiveCfg = Release|Any CPU
		{1C75D6C1-1644-4620-A8FF-A23397C5E03D}.Release|Any CPU.Build.0 = Release|Any CPU
	EndGlobalSection
	GlobalSection(SolutionProperties) = preSolution
		HideSolutionNode = FALSE
	EndGlobalSection
	GlobalSection(ExtensibilityGlobals) = postSolution
		SolutionGuid = {764E7234-9528-4B8D-A20C-A17D089CEF62}
	EndGlobalSection
EndGlobal
